
Microsoft Visual Studio Solution File, Format Version 12.00
# Visual Studio Version 16
VisualStudioVersion = 16.0.30803.129
MinimumVisualStudioVersion = 10.0.40219.1
Project("{FAE04EC0-301F-11D3-BF4B-00C04F79EFBC}") = "UserRequest.Server", "UserRequest\Server\UserRequest.Server.csproj", "{10ABD71A-6224-4579-A9D8-6C902C84C491}"
EndProject
Project("{FAE04EC0-301F-11D3-BF4B-00C04F79EFBC}") = "UserRequest.Client", "UserRequest\Client\UserRequest.Client.csproj", "{938BC091-3F44-4191-9F86-744753B5CB0D}"
EndProject
Project("{FAE04EC0-301F-11D3-BF4B-00C04F79EFBC}") = "UserRequest.Shared", "UserRequest\Shared\UserRequest.Shared.csproj", "{F32543DB-A1F8-4CA5-A9CA-961594F0DE34}"
EndProject
Global
	GlobalSection(SolutionConfigurationPlatforms) = preSolution
		Debug|Any CPU = Debug|Any CPU
		Release|Any CPU = Release|Any CPU
	EndGlobalSection
	GlobalSection(ProjectConfigurationPlatforms) = postSolution
		{10ABD71A-6224-4579-A9D8-6C902C84C491}.Debug|Any CPU.ActiveCfg = Debug|Any CPU
		{10ABD71A-6224-4579-A9D8-6C902C84C491}.Debug|Any CPU.Build.0 = Debug|Any CPU
		{10ABD71A-6224-4579-A9D8-6C902C84C491}.Release|Any CPU.ActiveCfg = Release|Any CPU
		{10ABD71A-6224-4579-A9D8-6C902C84C491}.Release|Any CPU.Build.0 = Release|Any CPU
		{938BC091-3F44-4191-9F86-744753B5CB0D}.Debug|Any CPU.ActiveCfg = Debug|Any CPU
		{938BC091-3F44-4191-9F86-744753B5CB0D}.Debug|Any CPU.Build.0 = Debug|Any CPU
		{938BC091-3F44-4191-9F86-744753B5CB0D}.Release|Any CPU.ActiveCfg = Release|Any CPU
		{938BC091-3F44-4191-9F86-744753B5CB0D}.Release|Any CPU.Build.0 = Release|Any CPU
		{F32543DB-A1F8-4CA5-A9CA-961594F0DE34}.Debug|Any CPU.ActiveCfg = Debug|Any CPU
		{F32543DB-A1F8-4CA5-A9CA-961594F0DE34}.Debug|Any CPU.Build.0 = Debug|Any CPU
		{F32543DB-A1F8-4CA5-A9CA-961594F0DE34}.Release|Any CPU.ActiveCfg = Release|Any CPU
		{F32543DB-A1F8-4CA5-A9CA-961594F0DE34}.Release|Any CPU.Build.0 = Release|Any CPU
	EndGlobalSection
	GlobalSection(SolutionProperties) = preSolution
		HideSolutionNode = FALSE
	EndGlobalSection
	GlobalSection(ExtensibilityGlobals) = postSolution
		SolutionGuid = {34DA6025-F1AA-4C04-A871-C89DAAFE38AC}
	EndGlobalSection
EndGlobal
